
Microsoft Visual Studio Solution File, Format Version 12.00
# Visual Studio Version 17
VisualStudioVersion = 17.0.31903.59
MinimumVisualStudioVersion = 10.0.40219.1
Project("{2150E333-8FDC-42A3-9474-1A3956D46DE8}") = "src", "src", "{D7A4DD23-960E-4F3D-A05B-ABBFF0BD7C74}"
EndProject
Project("{FAE04EC0-301F-11D3-BF4B-00C04F79EFBC}") = "TC.Tier.CodeGen", "src\TC.Tier.CodeGen\TC.Tier.CodeGen.csproj", "{05BD4BE0-A6B8-481B-B87B-B4ACEAA3CB82}"
EndProject
Project("{FAE04EC0-301F-11D3-BF4B-00C04F79EFBC}") = "TC.Tier.Core", "src\TC.Tier.Core\TC.Tier.Core.csproj", "{053ECFEA-450A-47B4-B538-C3F56D58D2C4}"
EndProject
Project("{FAE04EC0-301F-11D3-BF4B-00C04F79EFBC}") = "TC.Tier.Runtime", "src\TC.Tier.Runtime\TC.Tier.Runtime.csproj", "{67248DD6-805A-44D3-9100-2AFE375E7DE7}"
EndProject
Project("{FAE04EC0-301F-11D3-BF4B-00C04F79EFBC}") = "TC.Tier.Net", "src\TC.Tier.Net\TC.Tier.Net.csproj", "{94F95271-973B-4466-BAA4-22FD4C7C7748}"
EndProject
Project("{FAE04EC0-301F-11D3-BF4B-00C04F79EFBC}") = "TC.Tier.Products", "src\TC.Tier.Products\TC.Tier.Products.csproj", "{BAEE0918-66F3-441A-91FC-0AAEA4173699}"
EndProject
Project("{2150E333-8FDC-42A3-9474-1A3956D46DE8}") = "tests", "tests", "{3BFAD1C9-AB9F-4F98-863D-13CD7B703D88}"
EndProject
Project("{FAE04EC0-301F-11D3-BF4B-00C04F79EFBC}") = "TC.Tier.Core.Tests", "tests\TC.Tier.Core.Tests\TC.Tier.Core.Tests.csproj", "{AE383E8E-0A32-4927-9DC3-43B6244B753F}"
EndProject
Project("{FAE04EC0-301F-11D3-BF4B-00C04F79EFBC}") = "TC.Tier.Runtime.Tests", "tests\TC.Tier.Runtime.Tests\TC.Tier.Runtime.Tests.csproj", "{98FD9825-A06A-45F3-817A-9D8775BA7904}"
EndProject
Project("{FAE04EC0-301F-11D3-BF4B-00C04F79EFBC}") = "TC.Tier.Products.Tests", "tests\TC.Tier.Products.Tests\TC.Tier.Products.Tests.csproj", "{DAE283B0-7879-47A7-869F-7E4D59BE2EEF}"
EndProject
Project("{2150E333-8FDC-42A3-9474-1A3956D46DE8}") = "benchmarks", "benchmarks", "{130B7F75-4D5F-4F63-AB62-2A93FF96F338}"
EndProject
Project("{FAE04EC0-301F-11D3-BF4B-00C04F79EFBC}") = "TC.Tier.Core.Benchmarks", "benchmarks\TC.Tier.Core.Benchmarks\TC.Tier.Core.Benchmarks.csproj", "{4C0D7E14-546B-4D11-BEC6-3D376102D242}"
EndProject
Project("{FAE04EC0-301F-11D3-BF4B-00C04F79EFBC}") = "TC.Tier.Runtime.Benchmarks", "benchmarks\TC.Tier.Runtime.Benchmarks\TC.Tier.Runtime.Benchmarks.csproj", "{7DA0A5C3-B95D-433C-9A6E-9D4BCC1E60AF}"
EndProject
Project("{FAE04EC0-301F-11D3-BF4B-00C04F79EFBC}") = "TC.Tier.Products.Benchmarks", "benchmarks\TC.Tier.Products.Benchmarks\TC.Tier.Products.Benchmarks.csproj", "{FFD4D976-F11B-4461-82A1-BF47283042A9}"
EndProject
Project("{FAE04EC0-301F-11D3-BF4B-00C04F79EFBC}") = "TC.Tier.CodeGen.Abstractions", "src\TC.Tier.CodeGen.Abstractions\TC.Tier.CodeGen.Abstractions.csproj", "{747350C2-2571-40A3-BC2C-228C7990ADB5}"
EndProject
Project("{FAE04EC0-301F-11D3-BF4B-00C04F79EFBC}") = "TC.Tier.Contracts", "src\TC.Tier.Contracts\TC.Tier.Contracts.csproj", "{FF626E34-469B-43DC-AD7A-E5F3D5009D97}"
EndProject
Project("{FAE04EC0-301F-11D3-BF4B-00C04F79EFBC}") = "TC.Tier.Core.IO.S3", "src\TC.Tier.Core.IO.S3\TC.Tier.Core.IO.S3.csproj", "{4CB1DEB8-1E76-4698-B951-475D7F5D358A}"
EndProject
Project("{FAE04EC0-301F-11D3-BF4B-00C04F79EFBC}") = "TC.Tier.Core.IO.S3.Tests", "tests\TC.Tier.Core.IO.S3.Tests\TC.Tier.Core.IO.S3.Tests.csproj", "{51D074F6-D75F-4896-ABEF-7E8573A2367C}"
EndProject
Project("{FAE04EC0-301F-11D3-BF4B-00C04F79EFBC}") = "TC.Tier.S3PerfProbe", "benchmarks\TC.Tier.S3PerfProbe\TC.Tier.S3PerfProbe.csproj", "{0C314370-6D10-4B5D-B3A6-5596A8FFBB62}"
EndProject
Project("{FAE04EC0-301F-11D3-BF4B-00C04F79EFBC}") = "FasterFsyncBench", "tests\FasterFsyncBench\FasterFsyncBench.csproj", "{E31DA63C-A4DE-4884-AB02-239521A429B5}"
EndProject
Project("{FAE04EC0-301F-11D3-BF4B-00C04F79EFBC}") = "RaftProtocolProbe", "tests\RaftProtocolProbe\RaftProtocolProbe.csproj", "{085F4076-9A1F-4649-AF97-872FFB12EB82}"
EndProject
Project("{FAE04EC0-301F-11D3-BF4B-00C04F79EFBC}") = "TC.Tier.Core.IO.Net", "src\TC.Tier.Core.IO.Net\TC.Tier.Core.IO.Net.csproj", "{68C6EC21-1F04-4D98-A8F8-61E672E2111B}"
EndProject
Project("{FAE04EC0-301F-11D3-BF4B-00C04F79EFBC}") = "TC.Tier.CodeGen.Analyzers", "src\TC.Tier.CodeGen.Analyzers\TC.Tier.CodeGen.Analyzers.csproj", "{37E8B9C8-C505-45D5-A49D-31B31BEDC6F6}"
EndProject
Project("{FAE04EC0-301F-11D3-BF4B-00C04F79EFBC}") = "TC.Tier.Runtime.AdversarialTests", "tests\TC.Tier.Runtime.AdversarialTests\TC.Tier.Runtime.AdversarialTests.csproj", "{1781EDE1-277B-4392-B468-C3C59C1294A7}"
EndProject
Global
	GlobalSection(SolutionConfigurationPlatforms) = preSolution
		Debug|Any CPU = Debug|Any CPU
		Debug|x64 = Debug|x64
		Debug|x86 = Debug|x86
		Release|Any CPU = Release|Any CPU
		Release|x64 = Release|x64
		Release|x86 = Release|x86
	EndGlobalSection
	GlobalSection(ProjectConfigurationPlatforms) = postSolution
		{05BD4BE0-A6B8-481B-B87B-B4ACEAA3CB82}.Debug|Any CPU.ActiveCfg = Debug|Any CPU
		{05BD4BE0-A6B8-481B-B87B-B4ACEAA3CB82}.Debug|Any CPU.Build.0 = Debug|Any CPU
		{05BD4BE0-A6B8-481B-B87B-B4ACEAA3CB82}.Debug|x64.ActiveCfg = Debug|Any CPU
		{05BD4BE0-A6B8-481B-B87B-B4ACEAA3CB82}.Debug|x64.Build.0 = Debug|Any CPU
		{05BD4BE0-A6B8-481B-B87B-B4ACEAA3CB82}.Debug|x86.ActiveCfg = Debug|Any CPU
		{05BD4BE0-A6B8-481B-B87B-B4ACEAA3CB82}.Debug|x86.Build.0 = Debug|Any CPU
		{05BD4BE0-A6B8-481B-B87B-B4ACEAA3CB82}.Release|Any CPU.ActiveCfg = Release|Any CPU
		{05BD4BE0-A6B8-481B-B87B-B4ACEAA3CB82}.Release|Any CPU.Build.0 = Release|Any CPU
		{05BD4BE0-A6B8-481B-B87B-B4ACEAA3CB82}.Release|x64.ActiveCfg = Release|Any CPU
		{05BD4BE0-A6B8-481B-B87B-B4ACEAA3CB82}.Release|x64.Build.0 = Release|Any CPU
		{05BD4BE0-A6B8-481B-B87B-B4ACEAA3CB82}.Release|x86.ActiveCfg = Release|Any CPU
		{05BD4BE0-A6B8-481B-B87B-B4ACEAA3CB82}.Release|x86.Build.0 = Release|Any CPU
		{053ECFEA-450A-47B4-B538-C3F56D58D2C4}.Debug|Any CPU.ActiveCfg = Debug|Any CPU
		{053ECFEA-450A-47B4-B538-C3F56D58D2C4}.Debug|Any CPU.Build.0 = Debug|Any CPU
		{053ECFEA-450A-47B4-B538-C3F56D58D2C4}.Debug|x64.ActiveCfg = Debug|Any CPU
		{053ECFEA-450A-47B4-B538-C3F56D58D2C4}.Debug|x64.Build.0 = Debug|Any CPU
		{053ECFEA-450A-47B4-B538-C3F56D58D2C4}.Debug|x86.ActiveCfg = Debug|Any CPU
		{053ECFEA-450A-47B4-B538-C3F56D58D2C4}.Debug|x86.Build.0 = Debug|Any CPU
		{053ECFEA-450A-47B4-B538-C3F56D58D2C4}.Release|Any CPU.ActiveCfg = Release|Any CPU
		{053ECFEA-450A-47B4-B538-C3F56D58D2C4}.Release|Any CPU.Build.0 = Release|Any CPU
		{053ECFEA-450A-47B4-B538-C3F56D58D2C4}.Release|x64.ActiveCfg = Release|Any CPU
		{053ECFEA-450A-47B4-B538-C3F56D58D2C4}.Release|x64.Build.0 = Release|Any CPU
		{053ECFEA-450A-47B4-B538-C3F56D58D2C4}.Release|x86.ActiveCfg = Release|Any CPU
		{053ECFEA-450A-47B4-B538-C3F56D58D2C4}.Release|x86.Build.0 = Release|Any CPU
		{67248DD6-805A-44D3-9100-2AFE375E7DE7}.Debug|Any CPU.ActiveCfg = Debug|Any CPU
		{67248DD6-805A-44D3-9100-2AFE375E7DE7}.Debug|Any CPU.Build.0 = Debug|Any CPU
		{67248DD6-805A-44D3-9100-2AFE375E7DE7}.Debug|x64.ActiveCfg = Debug|Any CPU
		{67248DD6-805A-44D3-9100-2AFE375E7DE7}.Debug|x64.Build.0 = Debug|Any CPU
		{67248DD6-805A-44D3-9100-2AFE375E7DE7}.Debug|x86.ActiveCfg = Debug|Any CPU
		{67248DD6-805A-44D3-9100-2AFE375E7DE7}.Debug|x86.Build.0 = Debug|Any CPU
		{67248DD6-805A-44D3-9100-2AFE375E7DE7}.Release|Any CPU.ActiveCfg = Release|Any CPU
		{67248DD6-805A-44D3-9100-2AFE375E7DE7}.Release|Any CPU.Build.0 = Release|Any CPU
		{67248DD6-805A-44D3-9100-2AFE375E7DE7}.Release|x64.ActiveCfg = Release|Any CPU
		{67248DD6-805A-44D3-9100-2AFE375E7DE7}.Release|x64.Build.0 = Release|Any CPU
		{67248DD6-805A-44D3-9100-2AFE375E7DE7}.Release|x86.ActiveCfg = Release|Any CPU
		{67248DD6-805A-44D3-9100-2AFE375E7DE7}.Release|x86.Build.0 = Release|Any CPU
		{94F95271-973B-4466-BAA4-22FD4C7C7748}.Debug|Any CPU.ActiveCfg = Debug|Any CPU
		{94F95271-973B-4466-BAA4-22FD4C7C7748}.Debug|Any CPU.Build.0 = Debug|Any CPU
		{94F95271-973B-4466-BAA4-22FD4C7C7748}.Debug|x64.ActiveCfg = Debug|Any CPU
		{94F95271-973B-4466-BAA4-22FD4C7C7748}.Debug|x64.Build.0 = Debug|Any CPU
		{94F95271-973B-4466-BAA4-22FD4C7C7748}.Debug|x86.ActiveCfg = Debug|Any CPU
		{94F95271-973B-4466-BAA4-22FD4C7C7748}.Debug|x86.Build.0 = Debug|Any CPU
		{94F95271-973B-4466-BAA4-22FD4C7C7748}.Release|Any CPU.ActiveCfg = Release|Any CPU
		{94F95271-973B-4466-BAA4-22FD4C7C7748}.Release|Any CPU.Build.0 = Release|Any CPU
		{94F95271-973B-4466-BAA4-22FD4C7C7748}.Release|x64.ActiveCfg = Release|Any CPU
		{94F95271-973B-4466-BAA4-22FD4C7C7748}.Release|x64.Build.0 = Release|Any CPU
		{94F95271-973B-4466-BAA4-22FD4C7C7748}.Release|x86.ActiveCfg = Release|Any CPU
		{94F95271-973B-4466-BAA4-22FD4C7C7748}.Release|x86.Build.0 = Release|Any CPU
		{BAEE0918-66F3-441A-91FC-0AAEA4173699}.Debug|Any CPU.ActiveCfg = Debug|Any CPU
		{BAEE0918-66F3-441A-91FC-0AAEA4173699}.Debug|Any CPU.Build.0 = Debug|Any CPU
		{BAEE0918-66F3-441A-91FC-0AAEA4173699}.Debug|x64.ActiveCfg = Debug|Any CPU
		{BAEE0918-66F3-441A-91FC-0AAEA4173699}.Debug|x64.Build.0 = Debug|Any CPU
		{BAEE0918-66F3-441A-91FC-0AAEA4173699}.Debug|x86.ActiveCfg = Debug|Any CPU
		{BAEE0918-66F3-441A-91FC-0AAEA4173699}.Debug|x86.Build.0 = Debug|Any CPU
		{BAEE0918-66F3-441A-91FC-0AAEA4173699}.Release|Any CPU.ActiveCfg = Release|Any CPU
		{BAEE0918-66F3-441A-91FC-0AAEA4173699}.Release|Any CPU.Build.0 = Release|Any CPU
		{BAEE0918-66F3-441A-91FC-0AAEA4173699}.Release|x64.ActiveCfg = Release|Any CPU
		{BAEE0918-66F3-441A-91FC-0AAEA4173699}.Release|x64.Build.0 = Release|Any CPU
		{BAEE0918-66F3-441A-91FC-0AAEA4173699}.Release|x86.ActiveCfg = Release|Any CPU
		{BAEE0918-66F3-441A-91FC-0AAEA4173699}.Release|x86.Build.0 = Release|Any CPU
		{AE383E8E-0A32-4927-9DC3-43B6244B753F}.Debug|Any CPU.ActiveCfg = Debug|Any CPU
		{AE383E8E-0A32-4927-9DC3-43B6244B753F}.Debug|Any CPU.Build.0 = Debug|Any CPU
		{AE383E8E-0A32-4927-9DC3-43B6244B753F}.Debug|x64.ActiveCfg = Debug|Any CPU
		{AE383E8E-0A32-4927-9DC3-43B6244B753F}.Debug|x64.Build.0 = Debug|Any CPU
		{AE383E8E-0A32-4927-9DC3-43B6244B753F}.Debug|x86.ActiveCfg = Debug|Any CPU
		{AE383E8E-0A32-4927-9DC3-43B6244B753F}.Debug|x86.Build.0 = Debug|Any CPU
		{AE383E8E-0A32-4927-9DC3-43B6244B753F}.Release|Any CPU.ActiveCfg = Release|Any CPU
		{AE383E8E-0A32-4927-9DC3-43B6244B753F}.Release|Any CPU.Build.0 = Release|Any CPU
		{AE383E8E-0A32-4927-9DC3-43B6244B753F}.Release|x64.ActiveCfg = Release|Any CPU
		{AE383E8E-0A32-4927-9DC3-43B6244B753F}.Release|x64.Build.0 = Release|Any CPU
		{AE383E8E-0A32-4927-9DC3-43B6244B753F}.Release|x86.ActiveCfg = Release|Any CPU
		{AE383E8E-0A32-4927-9DC3-43B6244B753F}.Release|x86.Build.0 = Release|Any CPU
		{98FD9825-A06A-45F3-817A-9D8775BA7904}.Debug|Any CPU.ActiveCfg = Debug|Any CPU
		{98FD9825-A06A-45F3-817A-9D8775BA7904}.Debug|Any CPU.Build.0 = Debug|Any CPU
		{98FD9825-A06A-45F3-817A-9D8775BA7904}.Debug|x64.ActiveCfg = Debug|Any CPU
		{98FD9825-A06A-45F3-817A-9D8775BA7904}.Debug|x64.Build.0 = Debug|Any CPU
		{98FD9825-A06A-45F3-817A-9D8775BA7904}.Debug|x86.ActiveCfg = Debug|Any CPU
		{98FD9825-A06A-45F3-817A-9D8775BA7904}.Debug|x86.Build.0 = Debug|Any CPU
		{98FD9825-A06A-45F3-817A-9D8775BA7904}.Release|Any CPU.ActiveCfg = Release|Any CPU
		{98FD9825-A06A-45F3-817A-9D8775BA7904}.Release|Any CPU.Build.0 = Release|Any CPU
		{98FD9825-A06A-45F3-817A-9D8775BA7904}.Release|x64.ActiveCfg = Release|Any CPU
		{98FD9825-A06A-45F3-817A-9D8775BA7904}.Release|x64.Build.0 = Release|Any CPU
		{98FD9825-A06A-45F3-817A-9D8775BA7904}.Release|x86.ActiveCfg = Release|Any CPU
		{98FD9825-A06A-45F3-817A-9D8775BA7904}.Release|x86.Build.0 = Release|Any CPU
		{DAE283B0-7879-47A7-869F-7E4D59BE2EEF}.Debug|Any CPU.ActiveCfg = Debug|Any CPU
		{DAE283B0-7879-47A7-869F-7E4D59BE2EEF}.Debug|Any CPU.Build.0 = Debug|Any CPU
		{DAE283B0-7879-47A7-869F-7E4D59BE2EEF}.Debug|x64.ActiveCfg = Debug|Any CPU
		{DAE283B0-7879-47A7-869F-7E4D59BE2EEF}.Debug|x64.Build.0 = Debug|Any CPU
		{DAE283B0-7879-47A7-869F-7E4D59BE2EEF}.Debug|x86.ActiveCfg = Debug|Any CPU
		{DAE283B0-7879-47A7-869F-7E4D59BE2EEF}.Debug|x86.Build.0 = Debug|Any CPU
		{DAE283B0-7879-47A7-869F-7E4D59BE2EEF}.Release|Any CPU.ActiveCfg = Release|Any CPU
		{DAE283B0-7879-47A7-869F-7E4D59BE2EEF}.Release|Any CPU.Build.0 = Release|Any CPU
		{DAE283B0-7879-47A7-869F-7E4D59BE2EEF}.Release|x64.ActiveCfg = Release|Any CPU
		{DAE283B0-7879-47A7-869F-7E4D59BE2EEF}.Release|x64.Build.0 = Release|Any CPU
		{DAE283B0-7879-47A7-869F-7E4D59BE2EEF}.Release|x86.ActiveCfg = Release|Any CPU
		{DAE283B0-7879-47A7-869F-7E4D59BE2EEF}.Release|x86.Build.0 = Release|Any CPU
		{4C0D7E14-546B-4D11-BEC6-3D376102D242}.Debug|Any CPU.ActiveCfg = Debug|Any CPU
		{4C0D7E14-546B-4D11-BEC6-3D376102D242}.Debug|Any CPU.Build.0 = Debug|Any CPU
		{4C0D7E14-546B-4D11-BEC6-3D376102D242}.Debug|x64.ActiveCfg = Debug|Any CPU
		{4C0D7E14-546B-4D11-BEC6-3D376102D242}.Debug|x64.Build.0 = Debug|Any CPU
		{4C0D7E14-546B-4D11-BEC6-3D376102D242}.Debug|x86.ActiveCfg = Debug|Any CPU
		{4C0D7E14-546B-4D11-BEC6-3D376102D242}.Debug|x86.Build.0 = Debug|Any CPU
		{4C0D7E14-546B-4D11-BEC6-3D376102D242}.Release|Any CPU.ActiveCfg = Release|Any CPU
		{4C0D7E14-546B-4D11-BEC6-3D376102D242}.Release|Any CPU.Build.0 = Release|Any CPU
		{4C0D7E14-546B-4D11-BEC6-3D376102D242}.Release|x64.ActiveCfg = Release|Any CPU
		{4C0D7E14-546B-4D11-BEC6-3D376102D242}.Release|x64.Build.0 = Release|Any CPU
		{4C0D7E14-546B-4D11-BEC6-3D376102D242}.Release|x86.ActiveCfg = Release|Any CPU
		{4C0D7E14-546B-4D11-BEC6-3D376102D242}.Release|x86.Build.0 = Release|Any CPU
		{7DA0A5C3-B95D-433C-9A6E-9D4BCC1E60AF}.Debug|Any CPU.ActiveCfg = Debug|Any CPU
		{7DA0A5C3-B95D-433C-9A6E-9D4BCC1E60AF}.Debug|Any CPU.Build.0 = Debug|Any CPU
		{7DA0A5C3-B95D-433C-9A6E-9D4BCC1E60AF}.Debug|x64.ActiveCfg = Debug|Any CPU
		{7DA0A5C3-B95D-433C-9A6E-9D4BCC1E60AF}.Debug|x64.Build.0 = Debug|Any CPU
		{7DA0A5C3-B95D-433C-9A6E-9D4BCC1E60AF}.Debug|x86.ActiveCfg = Debug|Any CPU
		{7DA0A5C3-B95D-433C-9A6E-9D4BCC1E60AF}.Debug|x86.Build.0 = Debug|Any CPU
		{7DA0A5C3-B95D-433C-9A6E-9D4BCC1E60AF}.Release|Any CPU.ActiveCfg = Release|Any CPU
		{7DA0A5C3-B95D-433C-9A6E-9D4BCC1E60AF}.Release|Any CPU.Build.0 = Release|Any CPU
		{7DA0A5C3-B95D-433C-9A6E-9D4BCC1E60AF}.Release|x64.ActiveCfg = Release|Any CPU
		{7DA0A5C3-B95D-433C-9A6E-9D4BCC1E60AF}.Release|x64.Build.0 = Release|Any CPU
		{7DA0A5C3-B95D-433C-9A6E-9D4BCC1E60AF}.Release|x86.ActiveCfg = Release|Any CPU
		{7DA0A5C3-B95D-433C-9A6E-9D4BCC1E60AF}.Release|x86.Build.0 = Release|Any CPU
		{FFD4D976-F11B-4461-82A1-BF47283042A9}.Debug|Any CPU.ActiveCfg = Debug|Any CPU
		{FFD4D976-F11B-4461-82A1-BF47283042A9}.Debug|Any CPU.Build.0 = Debug|Any CPU
		{FFD4D976-F11B-4461-82A1-BF47283042A9}.Debug|x64.ActiveCfg = Debug|Any CPU
		{FFD4D976-F11B-4461-82A1-BF47283042A9}.Debug|x64.Build.0 = Debug|Any CPU
		{FFD4D976-F11B-4461-82A1-BF47283042A9}.Debug|x86.ActiveCfg = Debug|Any CPU
		{FFD4D976-F11B-4461-82A1-BF47283042A9}.Debug|x86.Build.0 = Debug|Any CPU
		{FFD4D976-F11B-4461-82A1-BF47283042A9}.Release|Any CPU.ActiveCfg = Release|Any CPU
		{FFD4D976-F11B-4461-82A1-BF47283042A9}.Release|Any CPU.Build.0 = Release|Any CPU
		{FFD4D976-F11B-4461-82A1-BF47283042A9}.Release|x64.ActiveCfg = Release|Any CPU
		{FFD4D976-F11B-4461-82A1-BF47283042A9}.Release|x64.Build.0 = Release|Any CPU
		{FFD4D976-F11B-4461-82A1-BF47283042A9}.Release|x86.ActiveCfg = Release|Any CPU
		{FFD4D976-F11B-4461-82A1-BF47283042A9}.Release|x86.Build.0 = Release|Any CPU
		{747350C2-2571-40A3-BC2C-228C7990ADB5}.Debug|Any CPU.ActiveCfg = Debug|Any CPU
		{747350C2-2571-40A3-BC2C-228C7990ADB5}.Debug|Any CPU.Build.0 = Debug|Any CPU
		{747350C2-2571-40A3-BC2C-228C7990ADB5}.Debug|x64.ActiveCfg = Debug|Any CPU
		{747350C2-2571-40A3-BC2C-228C7990ADB5}.Debug|x64.Build.0 = Debug|Any CPU
		{747350C2-2571-40A3-BC2C-228C7990ADB5}.Debug|x86.ActiveCfg = Debug|Any CPU
		{747350C2-2571-40A3-BC2C-228C7990ADB5}.Debug|x86.Build.0 = Debug|Any CPU
		{747350C2-2571-40A3-BC2C-228C7990ADB5}.Release|Any CPU.ActiveCfg = Release|Any CPU
		{747350C2-2571-40A3-BC2C-228C7990ADB5}.Release|Any CPU.Build.0 = Release|Any CPU
		{747350C2-2571-40A3-BC2C-228C7990ADB5}.Release|x64.ActiveCfg = Release|Any CPU
		{747350C2-2571-40A3-BC2C-228C7990ADB5}.Release|x64.Build.0 = Release|Any CPU
		{747350C2-2571-40A3-BC2C-228C7990ADB5}.Release|x86.ActiveCfg = Release|Any CPU
		{747350C2-2571-40A3-BC2C-228C7990ADB5}.Release|x86.Build.0 = Release|Any CPU
		{FF626E34-469B-43DC-AD7A-E5F3D5009D97}.Debug|Any CPU.ActiveCfg = Debug|Any CPU
		{FF626E34-469B-43DC-AD7A-E5F3D5009D97}.Debug|Any CPU.Build.0 = Debug|Any CPU
		{FF626E34-469B-43DC-AD7A-E5F3D5009D97}.Debug|x64.ActiveCfg = Debug|Any CPU
		{FF626E34-469B-43DC-AD7A-E5F3D5009D97}.Debug|x64.Build.0 = Debug|Any CPU
		{FF626E34-469B-43DC-AD7A-E5F3D5009D97}.Debug|x86.ActiveCfg = Debug|Any CPU
		{FF626E34-469B-43DC-AD7A-E5F3D5009D97}.Debug|x86.Build.0 = Debug|Any CPU
		{FF626E34-469B-43DC-AD7A-E5F3D5009D97}.Release|Any CPU.ActiveCfg = Release|Any CPU
		{FF626E34-469B-43DC-AD7A-E5F3D5009D97}.Release|Any CPU.Build.0 = Release|Any CPU
		{FF626E34-469B-43DC-AD7A-E5F3D5009D97}.Release|x64.ActiveCfg = Release|Any CPU
		{FF626E34-469B-43DC-AD7A-E5F3D5009D97}.Release|x64.Build.0 = Release|Any CPU
		{FF626E34-469B-43DC-AD7A-E5F3D5009D97}.Release|x86.ActiveCfg = Release|Any CPU
		{FF626E34-469B-43DC-AD7A-E5F3D5009D97}.Release|x86.Build.0 = Release|Any CPU
		{4CB1DEB8-1E76-4698-B951-475D7F5D358A}.Debug|Any CPU.ActiveCfg = Debug|Any CPU
		{4CB1DEB8-1E76-4698-B951-475D7F5D358A}.Debug|Any CPU.Build.0 = Debug|Any CPU
		{4CB1DEB8-1E76-4698-B951-475D7F5D358A}.Debug|x64.ActiveCfg = Debug|Any CPU
		{4CB1DEB8-1E76-4698-B951-475D7F5D358A}.Debug|x64.Build.0 = Debug|Any CPU
		{4CB1DEB8-1E76-4698-B951-475D7F5D358A}.Debug|x86.ActiveCfg = Debug|Any CPU
		{4CB1DEB8-1E76-4698-B951-475D7F5D358A}.Debug|x86.Build.0 = Debug|Any CPU
		{4CB1DEB8-1E76-4698-B951-475D7F5D358A}.Release|Any CPU.ActiveCfg = Release|Any CPU
		{4CB1DEB8-1E76-4698-B951-475D7F5D358A}.Release|Any CPU.Build.0 = Release|Any CPU
		{4CB1DEB8-1E76-4698-B951-475D7F5D358A}.Release|x64.ActiveCfg = Release|Any CPU
		{4CB1DEB8-1E76-4698-B951-475D7F5D358A}.Release|x64.Build.0 = Release|Any CPU
		{4CB1DEB8-1E76-4698-B951-475D7F5D358A}.Release|x86.ActiveCfg = Release|Any CPU
		{4CB1DEB8-1E76-4698-B951-475D7F5D358A}.Release|x86.Build.0 = Release|Any CPU
		{51D074F6-D75F-4896-ABEF-7E8573A2367C}.Debug|Any CPU.ActiveCfg = Debug|Any CPU
		{51D074F6-D75F-4896-ABEF-7E8573A2367C}.Debug|Any CPU.Build.0 = Debug|Any CPU
		{51D074F6-D75F-4896-ABEF-7E8573A2367C}.Debug|x64.ActiveCfg = Debug|Any CPU
		{51D074F6-D75F-4896-ABEF-7E8573A2367C}.Debug|x64.Build.0 = Debug|Any CPU
		{51D074F6-D75F-4896-ABEF-7E8573A2367C}.Debug|x86.ActiveCfg = Debug|Any CPU
		{51D074F6-D75F-4896-ABEF-7E8573A2367C}.Debug|x86.Build.0 = Debug|Any CPU
		{51D074F6-D75F-4896-ABEF-7E8573A2367C}.Release|Any CPU.ActiveCfg = Release|Any CPU
		{51D074F6-D75F-4896-ABEF-7E8573A2367C}.Release|Any CPU.Build.0 = Release|Any CPU
		{51D074F6-D75F-4896-ABEF-7E8573A2367C}.Release|x64.ActiveCfg = Release|Any CPU
		{51D074F6-D75F-4896-ABEF-7E8573A2367C}.Release|x64.Build.0 = Release|Any CPU
		{51D074F6-D75F-4896-ABEF-7E8573A2367C}.Release|x86.ActiveCfg = Release|Any CPU
		{51D074F6-D75F-4896-ABEF-7E8573A2367C}.Release|x86.Build.0 = Release|Any CPU
		{0C314370-6D10-4B5D-B3A6-5596A8FFBB62}.Debug|Any CPU.ActiveCfg = Debug|Any CPU
		{0C314370-6D10-4B5D-B3A6-5596A8FFBB62}.Debug|Any CPU.Build.0 = Debug|Any CPU
		{0C314370-6D10-4B5D-B3A6-5596A8FFBB62}.Debug|x64.ActiveCfg = Debug|Any CPU
		{0C314370-6D10-4B5D-B3A6-5596A8FFBB62}.Debug|x64.Build.0 = Debug|Any CPU
		{0C314370-6D10-4B5D-B3A6-5596A8FFBB62}.Debug|x86.ActiveCfg = Debug|Any CPU
		{0C314370-6D10-4B5D-B3A6-5596A8FFBB62}.Debug|x86.Build.0 = Debug|Any CPU
		{0C314370-6D10-4B5D-B3A6-5596A8FFBB62}.Release|Any CPU.ActiveCfg = Release|Any CPU
		{0C314370-6D10-4B5D-B3A6-5596A8FFBB62}.Release|Any CPU.Build.0 = Release|Any CPU
		{0C314370-6D10-4B5D-B3A6-5596A8FFBB62}.Release|x64.ActiveCfg = Release|Any CPU
		{0C314370-6D10-4B5D-B3A6-5596A8FFBB62}.Release|x64.Build.0 = Release|Any CPU
		{0C314370-6D10-4B5D-B3A6-5596A8FFBB62}.Release|x86.ActiveCfg = Release|Any CPU
		{0C314370-6D10-4B5D-B3A6-5596A8FFBB62}.Release|x86.Build.0 = Release|Any CPU
		{E31DA63C-A4DE-4884-AB02-239521A429B5}.Debug|Any CPU.ActiveCfg = Debug|Any CPU
		{E31DA63C-A4DE-4884-AB02-239521A429B5}.Debug|Any CPU.Build.0 = Debug|Any CPU
		{E31DA63C-A4DE-4884-AB02-239521A429B5}.Debug|x64.ActiveCfg = Debug|Any CPU
		{E31DA63C-A4DE-4884-AB02-239521A429B5}.Debug|x64.Build.0 = Debug|Any CPU
		{E31DA63C-A4DE-4884-AB02-239521A429B5}.Debug|x86.ActiveCfg = Debug|Any CPU
		{E31DA63C-A4DE-4884-AB02-239521A429B5}.Debug|x86.Build.0 = Debug|Any CPU
		{E31DA63C-A4DE-4884-AB02-239521A429B5}.Release|Any CPU.ActiveCfg = Release|Any CPU
		{E31DA63C-A4DE-4884-AB02-239521A429B5}.Release|Any CPU.Build.0 = Release|Any CPU
		{E31DA63C-A4DE-4884-AB02-239521A429B5}.Release|x64.ActiveCfg = Release|Any CPU
		{E31DA63C-A4DE-4884-AB02-239521A429B5}.Release|x64.Build.0 = Release|Any CPU
		{E31DA63C-A4DE-4884-AB02-239521A429B5}.Release|x86.ActiveCfg = Release|Any CPU
		{E31DA63C-A4DE-4884-AB02-239521A429B5}.Release|x86.Build.0 = Release|Any CPU
		{085F4076-9A1F-4649-AF97-872FFB12EB82}.Debug|Any CPU.ActiveCfg = Debug|Any CPU
		{085F4076-9A1F-4649-AF97-872FFB12EB82}.Debug|Any CPU.Build.0 = Debug|Any CPU
		{085F4076-9A1F-4649-AF97-872FFB12EB82}.Debug|x64.ActiveCfg = Debug|Any CPU
		{085F4076-9A1F-4649-AF97-872FFB12EB82}.Debug|x64.Build.0 = Debug|Any CPU
		{085F4076-9A1F-4649-AF97-872FFB12EB82}.Debug|x86.ActiveCfg = Debug|Any CPU
		{085F4076-9A1F-4649-AF97-872FFB12EB82}.Debug|x86.Build.0 = Debug|Any CPU
		{085F4076-9A1F-4649-AF97-872FFB12EB82}.Release|Any CPU.ActiveCfg = Release|Any CPU
		{085F4076-9A1F-4649-AF97-872FFB12EB82}.Release|Any CPU.Build.0 = Release|Any CPU
		{085F4076-9A1F-4649-AF97-872FFB12EB82}.Release|x64.ActiveCfg = Release|Any CPU
		{085F4076-9A1F-4649-AF97-872FFB12EB82}.Release|x64.Build.0 = Release|Any CPU
		{085F4076-9A1F-4649-AF97-872FFB12EB82}.Release|x86.ActiveCfg = Release|Any CPU
		{085F4076-9A1F-4649-AF97-872FFB12EB82}.Release|x86.Build.0 = Release|Any CPU
		{68C6EC21-1F04-4D98-A8F8-61E672E2111B}.Debug|Any CPU.ActiveCfg = Debug|Any CPU
		{68C6EC21-1F04-4D98-A8F8-61E672E2111B}.Debug|Any CPU.Build.0 = Debug|Any CPU
		{68C6EC21-1F04-4D98-A8F8-61E672E2111B}.Debug|x64.ActiveCfg = Debug|Any CPU
		{68C6EC21-1F04-4D98-A8F8-61E672E2111B}.Debug|x64.Build.0 = Debug|Any CPU
		{68C6EC21-1F04-4D98-A8F8-61E672E2111B}.Debug|x86.ActiveCfg = Debug|Any CPU
		{68C6EC21-1F04-4D98-A8F8-61E672E2111B}.Debug|x86.Build.0 = Debug|Any CPU
		{68C6EC21-1F04-4D98-A8F8-61E672E2111B}.Release|Any CPU.ActiveCfg = Release|Any CPU
		{68C6EC21-1F04-4D98-A8F8-61E672E2111B}.Release|Any CPU.Build.0 = Release|Any CPU
		{68C6EC21-1F04-4D98-A8F8-61E672E2111B}.Release|x64.ActiveCfg = Release|Any CPU
		{68C6EC21-1F04-4D98-A8F8-61E672E2111B}.Release|x64.Build.0 = Release|Any CPU
		{68C6EC21-1F04-4D98-A8F8-61E672E2111B}.Release|x86.ActiveCfg = Release|Any CPU
		{68C6EC21-1F04-4D98-A8F8-61E672E2111B}.Release|x86.Build.0 = Release|Any CPU
		{37E8B9C8-C505-45D5-A49D-31B31BEDC6F6}.Debug|Any CPU.ActiveCfg = Debug|Any CPU
		{37E8B9C8-C505-45D5-A49D-31B31BEDC6F6}.Debug|Any CPU.Build.0 = Debug|Any CPU
		{37E8B9C8-C505-45D5-A49D-31B31BEDC6F6}.Debug|x64.ActiveCfg = Debug|Any CPU
		{37E8B9C8-C505-45D5-A49D-31B31BEDC6F6}.Debug|x64.Build.0 = Debug|Any CPU
		{37E8B9C8-C505-45D5-A49D-31B31BEDC6F6}.Debug|x86.ActiveCfg = Debug|Any CPU
		{37E8B9C8-C505-45D5-A49D-31B31BEDC6F6}.Debug|x86.Build.0 = Debug|Any CPU
		{37E8B9C8-C505-45D5-A49D-31B31BEDC6F6}.Release|Any CPU.ActiveCfg = Release|Any CPU
		{37E8B9C8-C505-45D5-A49D-31B31BEDC6F6}.Release|Any CPU.Build.0 = Release|Any CPU
		{37E8B9C8-C505-45D5-A49D-31B31BEDC6F6}.Release|x64.ActiveCfg = Release|Any CPU
		{37E8B9C8-C505-45D5-A49D-31B31BEDC6F6}.Release|x64.Build.0 = Release|Any CPU
		{37E8B9C8-C505-45D5-A49D-31B31BEDC6F6}.Release|x86.ActiveCfg = Release|Any CPU
		{37E8B9C8-C505-45D5-A49D-31B31BEDC6F6}.Release|x86.Build.0 = Release|Any CPU
		{1781EDE1-277B-4392-B468-C3C59C1294A7}.Debug|Any CPU.ActiveCfg = Debug|Any CPU
		{1781EDE1-277B-4392-B468-C3C59C1294A7}.Debug|Any CPU.Build.0 = Debug|Any CPU
		{1781EDE1-277B-4392-B468-C3C59C1294A7}.Debug|x64.ActiveCfg = Debug|Any CPU
		{1781EDE1-277B-4392-B468-C3C59C1294A7}.Debug|x64.Build.0 = Debug|Any CPU
		{1781EDE1-277B-4392-B468-C3C59C1294A7}.Debug|x86.ActiveCfg = Debug|Any CPU
		{1781EDE1-277B-4392-B468-C3C59C1294A7}.Debug|x86.Build.0 = Debug|Any CPU
		{1781EDE1-277B-4392-B468-C3C59C1294A7}.Release|Any CPU.ActiveCfg = Release|Any CPU
		{1781EDE1-277B-4392-B468-C3C59C1294A7}.Release|Any CPU.Build.0 = Release|Any CPU
		{1781EDE1-277B-4392-B468-C3C59C1294A7}.Release|x64.ActiveCfg = Release|Any CPU
		{1781EDE1-277B-4392-B468-C3C59C1294A7}.Release|x64.Build.0 = Release|Any CPU
		{1781EDE1-277B-4392-B468-C3C59C1294A7}.Release|x86.ActiveCfg = Release|Any CPU
		{1781EDE1-277B-4392-B468-C3C59C1294A7}.Release|x86.Build.0 = Release|Any CPU
	EndGlobalSection
	GlobalSection(SolutionProperties) = preSolution
		HideSolutionNode = FALSE
	EndGlobalSection
	GlobalSection(NestedProjects) = preSolution
		{05BD4BE0-A6B8-481B-B87B-B4ACEAA3CB82} = {D7A4DD23-960E-4F3D-A05B-ABBFF0BD7C74}
		{053ECFEA-450A-47B4-B538-C3F56D58D2C4} = {D7A4DD23-960E-4F3D-A05B-ABBFF0BD7C74}
		{67248DD6-805A-44D3-9100-2AFE375E7DE7} = {D7A4DD23-960E-4F3D-A05B-ABBFF0BD7C74}
		{94F95271-973B-4466-BAA4-22FD4C7C7748} = {D7A4DD23-960E-4F3D-A05B-ABBFF0BD7C74}
		{BAEE0918-66F3-441A-91FC-0AAEA4173699} = {D7A4DD23-960E-4F3D-A05B-ABBFF0BD7C74}
		{AE383E8E-0A32-4927-9DC3-43B6244B753F} = {3BFAD1C9-AB9F-4F98-863D-13CD7B703D88}
		{98FD9825-A06A-45F3-817A-9D8775BA7904} = {3BFAD1C9-AB9F-4F98-863D-13CD7B703D88}
		{DAE283B0-7879-47A7-869F-7E4D59BE2EEF} = {3BFAD1C9-AB9F-4F98-863D-13CD7B703D88}
		{4C0D7E14-546B-4D11-BEC6-3D376102D242} = {130B7F75-4D5F-4F63-AB62-2A93FF96F338}
		{7DA0A5C3-B95D-433C-9A6E-9D4BCC1E60AF} = {130B7F75-4D5F-4F63-AB62-2A93FF96F338}
		{FFD4D976-F11B-4461-82A1-BF47283042A9} = {130B7F75-4D5F-4F63-AB62-2A93FF96F338}
		{747350C2-2571-40A3-BC2C-228C7990ADB5} = {D7A4DD23-960E-4F3D-A05B-ABBFF0BD7C74}
		{FF626E34-469B-43DC-AD7A-E5F3D5009D97} = {D7A4DD23-960E-4F3D-A05B-ABBFF0BD7C74}
		{4CB1DEB8-1E76-4698-B951-475D7F5D358A} = {D7A4DD23-960E-4F3D-A05B-ABBFF0BD7C74}
		{51D074F6-D75F-4896-ABEF-7E8573A2367C} = {3BFAD1C9-AB9F-4F98-863D-13CD7B703D88}
		{0C314370-6D10-4B5D-B3A6-5596A8FFBB62} = {130B7F75-4D5F-4F63-AB62-2A93FF96F338}
		{E31DA63C-A4DE-4884-AB02-239521A429B5} = {3BFAD1C9-AB9F-4F98-863D-13CD7B703D88}
		{085F4076-9A1F-4649-AF97-872FFB12EB82} = {3BFAD1C9-AB9F-4F98-863D-13CD7B703D88}
		{68C6EC21-1F04-4D98-A8F8-61E672E2111B} = {D7A4DD23-960E-4F3D-A05B-ABBFF0BD7C74}
		{37E8B9C8-C505-45D5-A49D-31B31BEDC6F6} = {D7A4DD23-960E-4F3D-A05B-ABBFF0BD7C74}
		{1781EDE1-277B-4392-B468-C3C59C1294A7} = {3BFAD1C9-AB9F-4F98-863D-13CD7B703D88}
	EndGlobalSection
EndGlobal
